
Microsoft Visual Studio Solution File, Format Version 12.00
# Visual Studio Version 17
VisualStudioVersion = 17.3.32922.545
MinimumVisualStudioVersion = 10.0.40219.1
Project("{FAE04EC0-301F-11D3-BF4B-00C04F79EFBC}") = "Czas24h", "Czas24h\Czas24h.csproj", "{24FAB43C-2CAD-4F8B-9DD0-838DC1816DC1}"
EndProject
Global
	GlobalSection(SolutionConfigurationPlatforms) = preSolution
		Debug|Any CPU = Debug|Any CPU
		Release|Any CPU = Release|Any CPU
	EndGlobalSection
	GlobalSection(ProjectConfigurationPlatforms) = postSolution
		{24FAB43C-2CAD-4F8B-9DD0-838DC1816DC1}.Debug|Any CPU.ActiveCfg = Debug|Any CPU
		{24FAB43C-2CAD-4F8B-9DD0-838DC1816DC1}.Debug|Any CPU.Build.0 = Debug|Any CPU
		{24FAB43C-2CAD-4F8B-9DD0-838DC1816DC1}.Release|Any CPU.ActiveCfg = Release|Any CPU
		{24FAB43C-2CAD-4F8B-9DD0-838DC1816DC1}.Release|Any CPU.Build.0 = Release|Any CPU
	EndGlobalSection
	GlobalSection(SolutionProperties) = preSolution
		HideSolutionNode = FALSE
	EndGlobalSection
	GlobalSection(ExtensibilityGlobals) = postSolution
		SolutionGuid = {589D7A1F-617D-4BDE-AA04-27FBE732611A}
	EndGlobalSection
EndGlobal
