
Microsoft Visual Studio Solution File, Format Version 12.00
# Visual Studio Version 17
VisualStudioVersion = 17.3.32922.545
MinimumVisualStudioVersion = 10.0.40219.1
Project("{FAE04EC0-301F-11D3-BF4B-00C04F79EFBC}") = "Tablice2D", "Tablice2D\Tablice2D.csproj", "{CA2FDFE4-AC1C-4D4E-A155-86BBD7F8DCC6}"
EndProject
Global
	GlobalSection(SolutionConfigurationPlatforms) = preSolution
		Debug|Any CPU = Debug|Any CPU
		Release|Any CPU = Release|Any CPU
	EndGlobalSection
	GlobalSection(ProjectConfigurationPlatforms) = postSolution
		{CA2FDFE4-AC1C-4D4E-A155-86BBD7F8DCC6}.Debug|Any CPU.ActiveCfg = Debug|Any CPU
		{CA2FDFE4-AC1C-4D4E-A155-86BBD7F8DCC6}.Debug|Any CPU.Build.0 = Debug|Any CPU
		{CA2FDFE4-AC1C-4D4E-A155-86BBD7F8DCC6}.Release|Any CPU.ActiveCfg = Release|Any CPU
		{CA2FDFE4-AC1C-4D4E-A155-86BBD7F8DCC6}.Release|Any CPU.Build.0 = Release|Any CPU
	EndGlobalSection
	GlobalSection(SolutionProperties) = preSolution
		HideSolutionNode = FALSE
	EndGlobalSection
	GlobalSection(ExtensibilityGlobals) = postSolution
		SolutionGuid = {C452E488-63A7-4605-A31B-34B30AA62C2B}
	EndGlobalSection
EndGlobal
