
Microsoft Visual Studio Solution File, Format Version 12.00
# Visual Studio Version 17
VisualStudioVersion = 17.3.32922.545
MinimumVisualStudioVersion = 10.0.40219.1
Project("{FAE04EC0-301F-11D3-BF4B-00C04F79EFBC}") = "FiguryLib", "FiguryLib.csproj", "{FEBC3BB5-9F31-4285-B3C3-9E91D6E16387}"
EndProject
Global
	GlobalSection(SolutionConfigurationPlatforms) = preSolution
		Debug|Any CPU = Debug|Any CPU
		Release|Any CPU = Release|Any CPU
	EndGlobalSection
	GlobalSection(ProjectConfigurationPlatforms) = postSolution
		{FEBC3BB5-9F31-4285-B3C3-9E91D6E16387}.Debug|Any CPU.ActiveCfg = Debug|Any CPU
		{FEBC3BB5-9F31-4285-B3C3-9E91D6E16387}.Debug|Any CPU.Build.0 = Debug|Any CPU
		{FEBC3BB5-9F31-4285-B3C3-9E91D6E16387}.Release|Any CPU.ActiveCfg = Release|Any CPU
		{FEBC3BB5-9F31-4285-B3C3-9E91D6E16387}.Release|Any CPU.Build.0 = Release|Any CPU
	EndGlobalSection
	GlobalSection(SolutionProperties) = preSolution
		HideSolutionNode = FALSE
	EndGlobalSection
	GlobalSection(ExtensibilityGlobals) = postSolution
		SolutionGuid = {AF9D6FBC-026C-48AF-9737-EF135D94C23F}
	EndGlobalSection
EndGlobal
