
Microsoft Visual Studio Solution File, Format Version 12.00
# Visual Studio Version 17
VisualStudioVersion = 17.3.32922.545
MinimumVisualStudioVersion = 10.0.40219.1
Project("{FAE04EC0-301F-11D3-BF4B-00C04F79EFBC}") = "sudoku", "sudoku\sudoku.csproj", "{102FDA0C-5122-4882-98CD-8D2570626224}"
EndProject
Global
	GlobalSection(SolutionConfigurationPlatforms) = preSolution
		Debug|Any CPU = Debug|Any CPU
		Release|Any CPU = Release|Any CPU
	EndGlobalSection
	GlobalSection(ProjectConfigurationPlatforms) = postSolution
		{102FDA0C-5122-4882-98CD-8D2570626224}.Debug|Any CPU.ActiveCfg = Debug|Any CPU
		{102FDA0C-5122-4882-98CD-8D2570626224}.Debug|Any CPU.Build.0 = Debug|Any CPU
		{102FDA0C-5122-4882-98CD-8D2570626224}.Release|Any CPU.ActiveCfg = Release|Any CPU
		{102FDA0C-5122-4882-98CD-8D2570626224}.Release|Any CPU.Build.0 = Release|Any CPU
	EndGlobalSection
	GlobalSection(SolutionProperties) = preSolution
		HideSolutionNode = FALSE
	EndGlobalSection
	GlobalSection(ExtensibilityGlobals) = postSolution
		SolutionGuid = {3B474D9A-4A55-4761-AE47-132C1E26E306}
	EndGlobalSection
EndGlobal
