
Microsoft Visual Studio Solution File, Format Version 12.00
# Visual Studio Version 17
VisualStudioVersion = 17.3.32922.545
MinimumVisualStudioVersion = 10.0.40219.1
Project("{FAE04EC0-301F-11D3-BF4B-00C04F79EFBC}") = "System", "System\System.csproj", "{38B9691E-581A-4F1E-877A-1A7508B1C69E}"
EndProject
Global
	GlobalSection(SolutionConfigurationPlatforms) = preSolution
		Debug|Any CPU = Debug|Any CPU
		Release|Any CPU = Release|Any CPU
	EndGlobalSection
	GlobalSection(ProjectConfigurationPlatforms) = postSolution
		{38B9691E-581A-4F1E-877A-1A7508B1C69E}.Debug|Any CPU.ActiveCfg = Debug|Any CPU
		{38B9691E-581A-4F1E-877A-1A7508B1C69E}.Debug|Any CPU.Build.0 = Debug|Any CPU
		{38B9691E-581A-4F1E-877A-1A7508B1C69E}.Release|Any CPU.ActiveCfg = Release|Any CPU
		{38B9691E-581A-4F1E-877A-1A7508B1C69E}.Release|Any CPU.Build.0 = Release|Any CPU
	EndGlobalSection
	GlobalSection(SolutionProperties) = preSolution
		HideSolutionNode = FALSE
	EndGlobalSection
	GlobalSection(ExtensibilityGlobals) = postSolution
		SolutionGuid = {F24A6A44-2A24-4021-AE24-DC8837D79D5E}
	EndGlobalSection
EndGlobal
