
Microsoft Visual Studio Solution File, Format Version 12.00
# Visual Studio Version 17
VisualStudioVersion = 17.3.32922.545
MinimumVisualStudioVersion = 10.0.40219.1
Project("{FAE04EC0-301F-11D3-BF4B-00C04F79EFBC}") = "oopLogi", "oopLogi.csproj", "{0A9B8D27-E8BA-4698-B74E-C24A4F1F316E}"
EndProject
Global
	GlobalSection(SolutionConfigurationPlatforms) = preSolution
		Debug|Any CPU = Debug|Any CPU
		Release|Any CPU = Release|Any CPU
	EndGlobalSection
	GlobalSection(ProjectConfigurationPlatforms) = postSolution
		{0A9B8D27-E8BA-4698-B74E-C24A4F1F316E}.Debug|Any CPU.ActiveCfg = Debug|Any CPU
		{0A9B8D27-E8BA-4698-B74E-C24A4F1F316E}.Debug|Any CPU.Build.0 = Debug|Any CPU
		{0A9B8D27-E8BA-4698-B74E-C24A4F1F316E}.Release|Any CPU.ActiveCfg = Release|Any CPU
		{0A9B8D27-E8BA-4698-B74E-C24A4F1F316E}.Release|Any CPU.Build.0 = Release|Any CPU
	EndGlobalSection
	GlobalSection(SolutionProperties) = preSolution
		HideSolutionNode = FALSE
	EndGlobalSection
	GlobalSection(ExtensibilityGlobals) = postSolution
		SolutionGuid = {1058BC7C-0BEB-4E79-864E-A273BA4BC6C4}
	EndGlobalSection
EndGlobal
