
Microsoft Visual Studio Solution File, Format Version 12.00
# Visual Studio Version 17
VisualStudioVersion = 17.3.32922.545
MinimumVisualStudioVersion = 10.0.40219.1
Project("{FAE04EC0-301F-11D3-BF4B-00C04F79EFBC}") = "StrukturaStos", "StrukturaStos.csproj", "{300FFA1C-2E70-4FDA-828A-603E45E03143}"
EndProject
Global
	GlobalSection(SolutionConfigurationPlatforms) = preSolution
		Debug|Any CPU = Debug|Any CPU
		Release|Any CPU = Release|Any CPU
	EndGlobalSection
	GlobalSection(ProjectConfigurationPlatforms) = postSolution
		{300FFA1C-2E70-4FDA-828A-603E45E03143}.Debug|Any CPU.ActiveCfg = Debug|Any CPU
		{300FFA1C-2E70-4FDA-828A-603E45E03143}.Debug|Any CPU.Build.0 = Debug|Any CPU
		{300FFA1C-2E70-4FDA-828A-603E45E03143}.Release|Any CPU.ActiveCfg = Release|Any CPU
		{300FFA1C-2E70-4FDA-828A-603E45E03143}.Release|Any CPU.Build.0 = Release|Any CPU
	EndGlobalSection
	GlobalSection(SolutionProperties) = preSolution
		HideSolutionNode = FALSE
	EndGlobalSection
	GlobalSection(ExtensibilityGlobals) = postSolution
		SolutionGuid = {D252AFEC-DD84-4C2C-B93D-80DFC9B7CFDE}
	EndGlobalSection
EndGlobal
