
Microsoft Visual Studio Solution File, Format Version 12.00
# Visual Studio Version 17
VisualStudioVersion = 17.3.32922.545
MinimumVisualStudioVersion = 10.0.40219.1
Project("{FAE04EC0-301F-11D3-BF4B-00C04F79EFBC}") = "Kolejki", "Kolejki.csproj", "{D9C5F544-BCF6-4150-A0CF-FECB9CF86A1F}"
EndProject
Global
	GlobalSection(SolutionConfigurationPlatforms) = preSolution
		Debug|Any CPU = Debug|Any CPU
		Release|Any CPU = Release|Any CPU
	EndGlobalSection
	GlobalSection(ProjectConfigurationPlatforms) = postSolution
		{D9C5F544-BCF6-4150-A0CF-FECB9CF86A1F}.Debug|Any CPU.ActiveCfg = Debug|Any CPU
		{D9C5F544-BCF6-4150-A0CF-FECB9CF86A1F}.Debug|Any CPU.Build.0 = Debug|Any CPU
		{D9C5F544-BCF6-4150-A0CF-FECB9CF86A1F}.Release|Any CPU.ActiveCfg = Release|Any CPU
		{D9C5F544-BCF6-4150-A0CF-FECB9CF86A1F}.Release|Any CPU.Build.0 = Release|Any CPU
	EndGlobalSection
	GlobalSection(SolutionProperties) = preSolution
		HideSolutionNode = FALSE
	EndGlobalSection
	GlobalSection(ExtensibilityGlobals) = postSolution
		SolutionGuid = {14ECA46C-9710-4ED7-AD99-83638096F029}
	EndGlobalSection
EndGlobal
