
Microsoft Visual Studio Solution File, Format Version 12.00
# Visual Studio Version 17
VisualStudioVersion = 17.3.32922.545
MinimumVisualStudioVersion = 10.0.40219.1
Project("{FAE04EC0-301F-11D3-BF4B-00C04F79EFBC}") = "LabLED", "LabLED\LabLED.csproj", "{1D2B1C9F-74B2-4864-B1FD-EA6EA6267552}"
EndProject
Global
	GlobalSection(SolutionConfigurationPlatforms) = preSolution
		Debug|Any CPU = Debug|Any CPU
		Release|Any CPU = Release|Any CPU
	EndGlobalSection
	GlobalSection(ProjectConfigurationPlatforms) = postSolution
		{1D2B1C9F-74B2-4864-B1FD-EA6EA6267552}.Debug|Any CPU.ActiveCfg = Debug|Any CPU
		{1D2B1C9F-74B2-4864-B1FD-EA6EA6267552}.Debug|Any CPU.Build.0 = Debug|Any CPU
		{1D2B1C9F-74B2-4864-B1FD-EA6EA6267552}.Release|Any CPU.ActiveCfg = Release|Any CPU
		{1D2B1C9F-74B2-4864-B1FD-EA6EA6267552}.Release|Any CPU.Build.0 = Release|Any CPU
	EndGlobalSection
	GlobalSection(SolutionProperties) = preSolution
		HideSolutionNode = FALSE
	EndGlobalSection
	GlobalSection(ExtensibilityGlobals) = postSolution
		SolutionGuid = {190A75C7-3668-4622-96EE-5B93F5FF931B}
	EndGlobalSection
EndGlobal
