
Microsoft Visual Studio Solution File, Format Version 12.00
# Visual Studio Version 17
VisualStudioVersion = 17.3.32922.545
MinimumVisualStudioVersion = 10.0.40219.1
Project("{FAE04EC0-301F-11D3-BF4B-00C04F79EFBC}") = "Logi2", "Logi2.csproj", "{7536FDFD-1416-4580-B454-91715BDABE5A}"
EndProject
Global
	GlobalSection(SolutionConfigurationPlatforms) = preSolution
		Debug|Any CPU = Debug|Any CPU
		Release|Any CPU = Release|Any CPU
	EndGlobalSection
	GlobalSection(ProjectConfigurationPlatforms) = postSolution
		{7536FDFD-1416-4580-B454-91715BDABE5A}.Debug|Any CPU.ActiveCfg = Debug|Any CPU
		{7536FDFD-1416-4580-B454-91715BDABE5A}.Debug|Any CPU.Build.0 = Debug|Any CPU
		{7536FDFD-1416-4580-B454-91715BDABE5A}.Release|Any CPU.ActiveCfg = Release|Any CPU
		{7536FDFD-1416-4580-B454-91715BDABE5A}.Release|Any CPU.Build.0 = Release|Any CPU
	EndGlobalSection
	GlobalSection(SolutionProperties) = preSolution
		HideSolutionNode = FALSE
	EndGlobalSection
	GlobalSection(ExtensibilityGlobals) = postSolution
		SolutionGuid = {5A3F4A34-2090-4696-A27F-DBED0A80E8A0}
	EndGlobalSection
EndGlobal
